// !$*UTF8*$!
{
	archiveVersion = 1;
	classes = {
	};
	objectVersion = 46;
	objects = {

/* Begin PBXBuildFile section */
		584A72301E7BC06D00A8BD09 /* AppDelegate.swift in Sources */ = {isa = PBXBuildFile; fileRef = 584A722F1E7BC06D00A8BD09 /* AppDelegate.swift */; };
		584A72371E7BC06D00A8BD09 /* Assets.xcassets in Resources */ = {isa = PBXBuildFile; fileRef = 584A72361E7BC06D00A8BD09 /* Assets.xcassets */; };
		584A72431E7BC0C500A8BD09 /* ViewController.swift in Sources */ = {isa = PBXBuildFile; fileRef = 584A72411E7BC0C500A8BD09 /* ViewController.swift */; };
		584A72441E7BC0C500A8BD09 /* ViewController.xib in Resources */ = {isa = PBXBuildFile; fileRef = 584A72421E7BC0C500A8BD09 /* ViewController.xib */; };
		584A72471E7BC0E800A8BD09 /* MyCell.swift in Sources */ = {isa = PBXBuildFile; fileRef = 584A72451E7BC0E800A8BD09 /* MyCell.swift */; };
		584A72481E7BC0E800A8BD09 /* MyCell.xib in Resources */ = {isa = PBXBuildFile; fileRef = 584A72461E7BC0E800A8BD09 /* MyCell.xib */; };
/* End PBXBuildFile section */

/* Begin PBXFileReference section */
		584A722C1E7BC06D00A8BD09 /* TableViewSelectData.app */ = {isa = PBXFileReference; explicitFileType = wrapper.application; includeInIndex = 0; path = TableViewSelectData.app; sourceTree = BUILT_PRODUCTS_DIR; };
		584A722F1E7BC06D00A8BD09 /* AppDelegate.swift */ = {isa = PBXFileReference; lastKnownFileType = sourcecode.swift; path = AppDelegate.swift; sourceTree = "<group>"; };
		584A72361E7BC06D00A8BD09 /* Assets.xcassets */ = {isa = PBXFileReference; lastKnownFileType = folder.assetcatalog; path = Assets.xcassets; sourceTree = "<group>"; };
		584A723B1E7BC06D00A8BD09 /* Info.plist */ = {isa = PBXFileReference; lastKnownFileType = text.plist.xml; path = Info.plist; sourceTree = "<group>"; };
		584A72411E7BC0C500A8BD09 /* ViewController.swift */ = {isa = PBXFileReference; fileEncoding = 4; lastKnownFileType = sourcecode.swift; path = ViewController.swift; sourceTree = "<group>"; };
		584A72421E7BC0C500A8BD09 /* ViewController.xib */ = {isa = PBXFileReference; fileEncoding = 4; lastKnownFileType = file.xib; path = ViewController.xib; sourceTree = "<group>"; };
		584A72451E7BC0E800A8BD09 /* MyCell.swift */ = {isa = PBXFileReference; fileEncoding = 4; lastKnownFileType = sourcecode.swift; path = MyCell.swift; sourceTree = "<group>"; };
		584A72461E7BC0E800A8BD09 /* MyCell.xib */ = {isa = PBXFileReference; fileEncoding = 4; lastKnownFileType = file.xib; path = MyCell.xib; sourceTree = "<group>"; };
/* End PBXFileReference section */

/* Begin PBXFrameworksBuildPhase section */
		584A72291E7BC06D00A8BD09 /* Frameworks */ = {
			isa = PBXFrameworksBuildPhase;
			buildActionMask = 2147483647;
			files = (
			);
			runOnlyForDeploymentPostprocessing = 0;
		};
/* End PBXFrameworksBuildPhase section */

/* Begin PBXGroup section */
		584A72231E7BC06D00A8BD09 = {
			isa = PBXGroup;
			children = (
				584A722E1E7BC06D00A8BD09 /* TableViewSelectData */,
				584A722D1E7BC06D00A8BD09 /* Products */,
			);
			sourceTree = "<group>";
		};
		584A722D1E7BC06D00A8BD09 /* Products */ = {
			isa = PBXGroup;
			children = (
				584A722C1E7BC06D00A8BD09 /* TableViewSelectData.app */,
			);
			name = Products;
			sourceTree = "<group>";
		};
		584A722E1E7BC06D00A8BD09 /* TableViewSelectData */ = {
			isa = PBXGroup;
			children = (
				584A722F1E7BC06D00A8BD09 /* AppDelegate.swift */,
				584A72411E7BC0C500A8BD09 /* ViewController.swift */,
				584A72421E7BC0C500A8BD09 /* ViewController.xib */,
				584A72451E7BC0E800A8BD09 /* MyCell.swift */,
				584A72461E7BC0E800A8BD09 /* MyCell.xib */,
				584A72361E7BC06D00A8BD09 /* Assets.xcassets */,
				584A723B1E7BC06D00A8BD09 /* Info.plist */,
			);
			path = TableViewSelectData;
			sourceTree = "<group>";
		};
/* End PBXGroup section */

/* Begin PBXNativeTarget section */
		584A722B1E7BC06D00A8BD09 /* TableViewSelectData */ = {
			isa = PBXNativeTarget;
			buildConfigurationList = 584A723E1E7BC06D00A8BD09 /* Build configuration list for PBXNativeTarget "TableViewSelectData" */;
			buildPhases = (
				584A72281E7BC06D00A8BD09 /* Sources */,
				584A72291E7BC06D00A8BD09 /* Frameworks */,
				584A722A1E7BC06D00A8BD09 /* Resources */,
			);
			buildRules = (
			);
			dependencies = (
			);
			name = TableViewSelectData;
			productName = TableViewSelectData;
			productReference = 584A722C1E7BC06D00A8BD09 /* TableViewSelectData.app */;
			productType = "com.apple.product-type.application";
		};
/* End PBXNativeTarget section */

/* Begin PBXProject section */
		584A72241E7BC06D00A8BD09 /* Project object */ = {
			isa = PBXProject;
			attributes = {
				LastSwiftUpdateCheck = 0820;
				LastUpgradeCheck = 0820;
				ORGANIZATIONNAME = zoaks;
				TargetAttributes = {
					584A722B1E7BC06D00A8BD09 = {
						CreatedOnToolsVersion = 8.2.1;
						DevelopmentTeam = 48862Q7FRD;
						ProvisioningStyle = Automatic;
					};
				};
			};
			buildConfigurationList = 584A72271E7BC06D00A8BD09 /* Build configuration list for PBXProject "TableViewSelectData" */;
			compatibilityVersion = "Xcode 3.2";
			developmentRegion = English;
			hasScannedForEncodings = 0;
			knownRegions = (
				en,
				Base,
			);
			mainGroup = 584A72231E7BC06D00A8BD09;
			productRefGroup = 584A722D1E7BC06D00A8BD09 /* Products */;
			projectDirPath = "";
			projectRoot = "";
			targets = (
				584A722B1E7BC06D00A8BD09 /* TableViewSelectData */,
			);
		};
/* End PBXProject section */

/* Begin PBXResourcesBuildPhase section */
		584A722A1E7BC06D00A8BD09 /* Resources */ = {
			isa = PBXResourcesBuildPhase;
			buildActionMask = 2147483647;
			files = (
				584A72441E7BC0C500A8BD09 /* ViewController.xib in Resources */,
				584A72481E7BC0E800A8BD09 /* MyCell.xib in Resources */,
				584A72371E7BC06D00A8BD09 /* Assets.xcassets in Resources */,
			);
			runOnlyForDeploymentPostprocessing = 0;
		};
/* End PBXResourcesBuildPhase section */

/* Begin PBXSourcesBuildPhase section */
		584A72281E7BC06D00A8BD09 /* Sources */ = {
			isa = PBXSourcesBuildPhase;
			buildActionMask = 2147483647;
			files = (
				584A72471E7BC0E800A8BD09 /* MyCell.swift in Sources */,
				584A72431E7BC0C500A8BD09 /* ViewController.swift in Sources */,
				584A72301E7BC06D00A8BD09 /* AppDelegate.swift in Sources */,
			);
			runOnlyForDeploymentPostprocessing = 0;
		};
/* End PBXSourcesBuildPhase section */

/* Begin XCBuildConfiguration section */
		584A723C1E7BC06D00A8BD09 /* Debug */ = {
			isa = XCBuildConfiguration;
			buildSettings = {
				ALWAYS_SEARCH_USER_PATHS = NO;
				CLANG_ANALYZER_NONNULL = YES;
				CLANG_CXX_LANGUAGE_STANDARD = "gnu++0x";
				CLANG_CXX_LIBRARY = "libc++";
				CLANG_ENABLE_MODULES = YES;
				CLANG_ENABLE_OBJC_ARC = YES;
				CLANG_WARN_BOOL_CONVERSION = YES;
				CLANG_WARN_CONSTANT_CONVERSION = YES;
				CLANG_WARN_DIRECT_OBJC_ISA_USAGE = YES_ERROR;
				CLANG_WARN_DOCUMENTATION_COMMENTS = YES;
				CLANG_WARN_EMPTY_BODY = YES;
				CLANG_WARN_ENUM_CONVERSION = YES;
				CLANG_WARN_INFINITE_RECURSION = YES;
				CLANG_WARN_INT_CONVERSION = YES;
				CLANG_WARN_OBJC_ROOT_CLASS = YES_ERROR;
				CLANG_WARN_SUSPICIOUS_MOVE = YES;
				CLANG_WARN_UNREACHABLE_CODE = YES;
				CLANG_WARN__DUPLICATE_METHOD_MATCH = YES;
				"CODE_SIGN_IDENTITY[sdk=iphoneos*]" = "iPhone Developer";
				COPY_PHASE_STRIP = NO;
				DEBUG_INFORMATION_FORMAT = dwarf;
				ENABLE_STRICT_OBJC_MSGSEND = YES;
				ENABLE_TESTABILITY = YES;
				GCC_C_LANGUAGE_STANDARD = gnu99;
				GCC_DYNAMIC_NO_PIC = NO;
				GCC_NO_COMMON_BLOCKS = YES;
				GCC_OPTIMIZATION_LEVEL = 0;
				GCC_PREPROCESSOR_DEFINITIONS = (
					"DEBUG=1",
					"$(inherited)",
				);
				GCC_WARN_64_TO_32_BIT_CONVERSION = YES;
				GCC_WARN_ABOUT_RETURN_TYPE = YES_ERROR;
				GCC_WARN_UNDECLARED_SELECTOR = YES;
				GCC_WARN_UNINITIALIZED_AUTOS = YES_AGGRESSIVE;
				GCC_WARN_UNUSED_FUNCTION = YES;
				GCC_WARN_UNUSED_VARIABLE = YES;
				IPHONEOS_DEPLOYMENT_TARGET = 10.2;
				MTL_ENABLE_DEBUG_INFO = YES;
				ONLY_ACTIVE_ARCH = YES;
				SDKROOT = iphoneos;
				SWIFT_ACTIVE_COMPILATION_CONDITIONS = DEBUG;
				SWIFT_OPTIMIZATION_LEVEL = "-Onone";
			};
			name = Debug;
		};
		584A723D1E7BC06D00A8BD09 /* Release */ = {
			isa = XCBuildConfiguration;
			buildSettings = {
				ALWAYS_SEARCH_USER_PATHS = NO;
				CLANG_ANALYZER_NONNULL = YES;
				CLANG_CXX_LANGUAGE_STANDARD = "gnu++0x";
				CLANG_CXX_LIBRARY = "libc++";
				CLANG_ENABLE_MODULES = YES;
				CLANG_ENABLE_OBJC_ARC = YES;
				CLANG_WARN_BOOL_CONVERSION = YES;
				CLANG_WARN_CONSTANT_CONVERSION = YES;
				CLANG_WARN_DIRECT_OBJC_ISA_USAGE = YES_ERROR;
				CLANG_WARN_DOCUMENTATION_COMMENTS = YES;
				CLANG_WARN_EMPTY_BODY = YES;
				CLANG_WARN_ENUM_CONVERSION = YES;
				CLANG_WARN_INFINITE_RECURSION = YES;
				CLANG_WARN_INT_CONVERSION = YES;
				CLANG_WARN_OBJC_ROOT_CLASS = YES_ERROR;
				CLANG_WARN_SUSPICIOUS_MOVE = YES;
				CLANG_WARN_UNREACHABLE_CODE = YES;
				CLANG_WARN__DUPLICATE_METHOD_MATCH = YES;
				"CODE_SIGN_IDENTITY[sdk=iphoneos*]" = "iPhone Developer";
				COPY_PHASE_STRIP = NO;
				DEBUG_INFORMATION_FORMAT = "dwarf-with-dsym";
				ENABLE_NS_ASSERTIONS = NO;
				ENABLE_STRICT_OBJC_MSGSEND = YES;
				GCC_C_LANGUAGE_STANDARD = gnu99;
				GCC_NO_COMMON_BLOCKS = YES;
				GCC_WARN_64_TO_32_BIT_CONVERSION = YES;
				GCC_WARN_ABOUT_RETURN_TYPE = YES_ERROR;
				GCC_WARN_UNDECLARED_SELECTOR = YES;
				GCC_WARN_UNINITIALIZED_AUTOS = YES_AGGRESSIVE;
				GCC_WARN_UNUSED_FUNCTION = YES;
				GCC_WARN_UNUSED_VARIABLE = YES;
				IPHONEOS_DEPLOYMENT_TARGET = 10.2;
				MTL_ENABLE_DEBUG_INFO = NO;
				SDKROOT = iphoneos;
				SWIFT_OPTIMIZATION_LEVEL = "-Owholemodule";
				VALIDATE_PRODUCT = YES;
			};
			name = Release;
		};
		584A723F1E7BC06D00A8BD09 /* Debug */ = {
			isa = XCBuildConfiguration;
			buildSettings = {
				ASSETCATALOG_COMPILER_APPICON_NAME = AppIcon;
				DEVELOPMENT_TEAM = 48862Q7FRD;
				INFOPLIST_FILE = TableViewSelectData/Info.plist;
				LD_RUNPATH_SEARCH_PATHS = "$(inherited) @executable_path/Frameworks";
				PRODUCT_BUNDLE_IDENTIFIER = com.zoaks.TableViewSelectData;
				PRODUCT_NAME = "$(TARGET_NAME)";
				SWIFT_VERSION = 3.0;
			};
			name = Debug;
		};
		584A72401E7BC06D00A8BD09 /* Release */ = {
			isa = XCBuildConfiguration;
			buildSettings = {
				ASSETCATALOG_COMPILER_APPICON_NAME = AppIcon;
				DEVELOPMENT_TEAM = 48862Q7FRD;
				INFOPLIST_FILE = TableViewSelectData/Info.plist;
				LD_RUNPATH_SEARCH_PATHS = "$(inherited) @executable_path/Frameworks";
				PRODUCT_BUNDLE_IDENTIFIER = com.zoaks.TableViewSelectData;
				PRODUCT_NAME = "$(TARGET_NAME)";
				SWIFT_VERSION = 3.0;
			};
			name = Release;
		};
/* End XCBuildConfiguration section */

/* Begin XCConfigurationList section */
		584A72271E7BC06D00A8BD09 /* Build configuration list for PBXProject "TableViewSelectData" */ = {
			isa = XCConfigurationList;
			buildConfigurations = (
				584A723C1E7BC06D00A8BD09 /* Debug */,
				584A723D1E7BC06D00A8BD09 /* Release */,
			);
			defaultConfigurationIsVisible = 0;
			defaultConfigurationName = Release;
		};
		584A723E1E7BC06D00A8BD09 /* Build configuration list for PBXNativeTarget "TableViewSelectData" */ = {
			isa = XCConfigurationList;
			buildConfigurations = (
				584A723F1E7BC06D00A8BD09 /* Debug */,
				584A72401E7BC06D00A8BD09 /* Release */,
			);
			defaultConfigurationIsVisible = 0;
		};
/* End XCConfigurationList section */
	};
	rootObject = 584A72241E7BC06D00A8BD09 /* Project object */;
}
